// !$*UTF8*$!
{
	archiveVersion = 1;
	classes = {
	};
	objectVersion = 46;
	objects = {

/* Begin PBXBuildFile section */
		310C960D1B2D23EE0021AD7E /* AppDelegate.swift in Sources */ = {isa = PBXBuildFile; fileRef = 310C960C1B2D23EE0021AD7E /* AppDelegate.swift */; };
		310C960F1B2D23EE0021AD7E /* MealViewController.swift in Sources */ = {isa = PBXBuildFile; fileRef = 310C960E1B2D23EE0021AD7E /* MealViewController.swift */; };
		310C96121B2D23EE0021AD7E /* Main.storyboard in Resources */ = {isa = PBXBuildFile; fileRef = 310C96101B2D23EE0021AD7E /* Main.storyboard */; };
		310C96141B2D23EE0021AD7E /* Assets.xcassets in Resources */ = {isa = PBXBuildFile; fileRef = 310C96131B2D23EE0021AD7E /* Assets.xcassets */; };
		310C96171B2D23EE0021AD7E /* LaunchScreen.storyboard in Resources */ = {isa = PBXBuildFile; fileRef = 310C96151B2D23EE0021AD7E /* LaunchScreen.storyboard */; };
		310C96221B2D23EE0021AD7E /* FoodTrackerTests.swift in Sources */ = {isa = PBXBuildFile; fileRef = 310C96211B2D23EE0021AD7E /* FoodTrackerTests.swift */; };
		310C962D1B2D23EE0021AD7E /* FoodTrackerUITests.swift in Sources */ = {isa = PBXBuildFile; fileRef = 310C962C1B2D23EE0021AD7E /* FoodTrackerUITests.swift */; };
		310C963B1B2D5F4B0021AD7E /* RatingControl.swift in Sources */ = {isa = PBXBuildFile; fileRef = 310C963A1B2D5F4B0021AD7E /* RatingControl.swift */; };
		310C963D1B2D6ECC0021AD7E /* Meal.swift in Sources */ = {isa = PBXBuildFile; fileRef = 310C963C1B2D6ECC0021AD7E /* Meal.swift */; };
		310C963E1B2D6ECC0021AD7E /* Meal.swift in Sources */ = {isa = PBXBuildFile; fileRef = 310C963C1B2D6ECC0021AD7E /* Meal.swift */; };
		310C96401B365AE70021AD7E /* MealTableViewCell.swift in Sources */ = {isa = PBXBuildFile; fileRef = 310C963F1B365AE70021AD7E /* MealTableViewCell.swift */; };
		310C96421B3661D20021AD7E /* MealTableViewController.swift in Sources */ = {isa = PBXBuildFile; fileRef = 310C96411B3661D20021AD7E /* MealTableViewController.swift */; };
/* End PBXBuildFile section */

/* Begin PBXContainerItemProxy section */
		310C961E1B2D23EE0021AD7E /* PBXContainerItemProxy */ = {
			isa = PBXContainerItemProxy;
			containerPortal = 310C96011B2D23EE0021AD7E /* Project object */;
			proxyType = 1;
			remoteGlobalIDString = 310C96081B2D23EE0021AD7E;
			remoteInfo = FoodTracker;
		};
		310C96291B2D23EE0021AD7E /* PBXContainerItemProxy */ = {
			isa = PBXContainerItemProxy;
			containerPortal = 310C96011B2D23EE0021AD7E /* Project object */;
			proxyType = 1;
			remoteGlobalIDString = 310C96081B2D23EE0021AD7E;
			remoteInfo = FoodTracker;
		};
/* End PBXContainerItemProxy section */

/* Begin PBXFileReference section */
		310C96091B2D23EE0021AD7E /* FoodTracker.app */ = {isa = PBXFileReference; explicitFileType = wrapper.application; includeInIndex = 0; path = FoodTracker.app; sourceTree = BUILT_PRODUCTS_DIR; };
		310C960C1B2D23EE0021AD7E /* AppDelegate.swift */ = {isa = PBXFileReference; lastKnownFileType = sourcecode.swift; path = AppDelegate.swift; sourceTree = "<group>"; };
		310C960E1B2D23EE0021AD7E /* MealViewController.swift */ = {isa = PBXFileReference; lastKnownFileType = sourcecode.swift; path = MealViewController.swift; sourceTree = "<group>"; };
		310C96111B2D23EE0021AD7E /* Base */ = {isa = PBXFileReference; lastKnownFileType = file.storyboard; name = Base; path = Base.lproj/Main.storyboard; sourceTree = "<group>"; };
		310C96131B2D23EE0021AD7E /* Assets.xcassets */ = {isa = PBXFileReference; lastKnownFileType = folder.assetcatalog; path = Assets.xcassets; sourceTree = "<group>"; };
		310C96161B2D23EE0021AD7E /* Base */ = {isa = PBXFileReference; lastKnownFileType = file.storyboard; name = Base; path = Base.lproj/LaunchScreen.storyboard; sourceTree = "<group>"; };
		310C96181B2D23EE0021AD7E /* Info.plist */ = {isa = PBXFileReference; lastKnownFileType = text.plist.xml; path = Info.plist; sourceTree = "<group>"; };
		310C961D1B2D23EE0021AD7E /* FoodTrackerTests.xctest */ = {isa = PBXFileReference; explicitFileType = wrapper.cfbundle; includeInIndex = 0; path = FoodTrackerTests.xctest; sourceTree = BUILT_PRODUCTS_DIR; };
		310C96211B2D23EE0021AD7E /* FoodTrackerTests.swift */ = {isa = PBXFileReference; lastKnownFileType = sourcecode.swift; path = FoodTrackerTests.swift; sourceTree = "<group>"; };
		310C96231B2D23EE0021AD7E /* Info.plist */ = {isa = PBXFileReference; lastKnownFileType = text.plist.xml; path = Info.plist; sourceTree = "<group>"; };
		310C96281B2D23EE0021AD7E /* FoodTrackerUITests.xctest */ = {isa = PBXFileReference; explicitFileType = wrapper.cfbundle; includeInIndex = 0; path = FoodTrackerUITests.xctest; sourceTree = BUILT_PRODUCTS_DIR; };
		310C962C1B2D23EE0021AD7E /* FoodTrackerUITests.swift */ = {isa = PBXFileReference; lastKnownFileType = sourcecode.swift; path = FoodTrackerUITests.swift; sourceTree = "<group>"; };
		310C962E1B2D23EE0021AD7E /* Info.plist */ = {isa = PBXFileReference; lastKnownFileType = text.plist.xml; path = Info.plist; sourceTree = "<group>"; };
		310C963A1B2D5F4B0021AD7E /* RatingControl.swift */ = {isa = PBXFileReference; fileEncoding = 4; lastKnownFileType = sourcecode.swift; path = RatingControl.swift; sourceTree = "<group>"; };
		310C963C1B2D6ECC0021AD7E /* Meal.swift */ = {isa = PBXFileReference; fileEncoding = 4; lastKnownFileType = sourcecode.swift; path = Meal.swift; sourceTree = "<group>"; };
		310C963F1B365AE70021AD7E /* MealTableViewCell.swift */ = {isa = PBXFileReference; fileEncoding = 4; lastKnownFileType = sourcecode.swift; path = MealTableViewCell.swift; sourceTree = "<group>"; };
		310C96411B3661D20021AD7E /* MealTableViewController.swift */ = {isa = PBXFileReference; fileEncoding = 4; lastKnownFileType = sourcecode.swift; path = MealTableViewController.swift; sourceTree = "<group>"; };
/* End PBXFileReference section */

/* Begin PBXFrameworksBuildPhase section */
		310C96061B2D23EE0021AD7E /* Frameworks */ = {
			isa = PBXFrameworksBuildPhase;
			buildActionMask = 2147483647;
			files = (
			);
			runOnlyForDeploymentPostprocessing = 0;
		};
		310C961A1B2D23EE0021AD7E /* Frameworks */ = {
			isa = PBXFrameworksBuildPhase;
			buildActionMask = 2147483647;
			files = (
			);
			runOnlyForDeploymentPostprocessing = 0;
		};
		310C96251B2D23EE0021AD7E /* Frameworks */ = {
			isa = PBXFrameworksBuildPhase;
			buildActionMask = 2147483647;
			files = (
			);
			runOnlyForDeploymentPostprocessing = 0;
		};
/* End PBXFrameworksBuildPhase section */

/* Begin PBXGroup section */
		310C96001B2D23EE0021AD7E = {
			isa = PBXGroup;
			children = (
				310C960B1B2D23EE0021AD7E /* FoodTracker */,
				310C96201B2D23EE0021AD7E /* FoodTrackerTests */,
				310C962B1B2D23EE0021AD7E /* FoodTrackerUITests */,
				310C960A1B2D23EE0021AD7E /* Products */,
			);
			sourceTree = "<group>";
		};
		310C960A1B2D23EE0021AD7E /* Products */ = {
			isa = PBXGroup;
			children = (
				310C96091B2D23EE0021AD7E /* FoodTracker.app */,
				310C961D1B2D23EE0021AD7E /* FoodTrackerTests.xctest */,
				310C96281B2D23EE0021AD7E /* FoodTrackerUITests.xctest */,
			);
			name = Products;
			sourceTree = "<group>";
		};
		310C960B1B2D23EE0021AD7E /* FoodTracker */ = {
			isa = PBXGroup;
			children = (
				310C960C1B2D23EE0021AD7E /* AppDelegate.swift */,
				310C960E1B2D23EE0021AD7E /* MealViewController.swift */,
				310C96101B2D23EE0021AD7E /* Main.storyboard */,
				310C96411B3661D20021AD7E /* MealTableViewController.swift */,
				310C963F1B365AE70021AD7E /* MealTableViewCell.swift */,
				310C963C1B2D6ECC0021AD7E /* Meal.swift */,
				310C963A1B2D5F4B0021AD7E /* RatingControl.swift */,
				310C96131B2D23EE0021AD7E /* Assets.xcassets */,
				310C96151B2D23EE0021AD7E /* LaunchScreen.storyboard */,
				310C96181B2D23EE0021AD7E /* Info.plist */,
			);
			path = FoodTracker;
			sourceTree = "<group>";
		};
		310C96201B2D23EE0021AD7E /* FoodTrackerTests */ = {
			isa = PBXGroup;
			children = (
				310C96211B2D23EE0021AD7E /* FoodTrackerTests.swift */,
				310C96231B2D23EE0021AD7E /* Info.plist */,
			);
			path = FoodTrackerTests;
			sourceTree = "<group>";
		};
		310C962B1B2D23EE0021AD7E /* FoodTrackerUITests */ = {
			isa = PBXGroup;
			children = (
				310C962C1B2D23EE0021AD7E /* FoodTrackerUITests.swift */,
				310C962E1B2D23EE0021AD7E /* Info.plist */,
			);
			path = FoodTrackerUITests;
			sourceTree = "<group>";
		};
/* End PBXGroup section */

/* Begin PBXNativeTarget section */
		310C96081B2D23EE0021AD7E /* FoodTracker */ = {
			isa = PBXNativeTarget;
			buildConfigurationList = 310C96311B2D23EE0021AD7E /* Build configuration list for PBXNativeTarget "FoodTracker" */;
			buildPhases = (
				310C96051B2D23EE0021AD7E /* Sources */,
				310C96061B2D23EE0021AD7E /* Frameworks */,
				310C96071B2D23EE0021AD7E /* Resources */,
			);
			buildRules = (
			);
			dependencies = (
			);
			name = FoodTracker;
			productName = FoodTracker;
			productReference = 310C96091B2D23EE0021AD7E /* FoodTracker.app */;
			productType = "com.apple.product-type.application";
		};
		310C961C1B2D23EE0021AD7E /* FoodTrackerTests */ = {
			isa = PBXNativeTarget;
			buildConfigurationList = 310C96341B2D23EE0021AD7E /* Build configuration list for PBXNativeTarget "FoodTrackerTests" */;
			buildPhases = (
				310C96191B2D23EE0021AD7E /* Sources */,
				310C961A1B2D23EE0021AD7E /* Frameworks */,
				310C961B1B2D23EE0021AD7E /* Resources */,
			);
			buildRules = (
			);
			dependencies = (
				310C961F1B2D23EE0021AD7E /* PBXTargetDependency */,
			);
			name = FoodTrackerTests;
			productName = FoodTrackerTests;
			productReference = 310C961D1B2D23EE0021AD7E /* FoodTrackerTests.xctest */;
			productType = "com.apple.product-type.bundle.unit-test";
		};
		310C96271B2D23EE0021AD7E /* FoodTrackerUITests */ = {
			isa = PBXNativeTarget;
			buildConfigurationList = 310C96371B2D23EE0021AD7E /* Build configuration list for PBXNativeTarget "FoodTrackerUITests" */;
			buildPhases = (
				310C96241B2D23EE0021AD7E /* Sources */,
				310C96251B2D23EE0021AD7E /* Frameworks */,
				310C96261B2D23EE0021AD7E /* Resources */,
			);
			buildRules = (
			);
			dependencies = (
				310C962A1B2D23EE0021AD7E /* PBXTargetDependency */,
			);
			name = FoodTrackerUITests;
			productName = FoodTrackerUITests;
			productReference = 310C96281B2D23EE0021AD7E /* FoodTrackerUITests.xctest */;
			productType = "com.apple.product-type.bundle.ui-testing";
		};
/* End PBXNativeTarget section */

/* Begin PBXProject section */
		310C96011B2D23EE0021AD7E /* Project object */ = {
			isa = PBXProject;
			attributes = {
				LastUpgradeCheck = 0700;
				ORGANIZATIONNAME = ixfan;
				TargetAttributes = {
					310C96081B2D23EE0021AD7E = {
						CreatedOnToolsVersion = 7.0;
						DevelopmentTeam = DYVK3TN2E4;
					};
					310C961C1B2D23EE0021AD7E = {
						CreatedOnToolsVersion = 7.0;
						TestTargetID = 310C96081B2D23EE0021AD7E;
					};
					310C96271B2D23EE0021AD7E = {
						CreatedOnToolsVersion = 7.0;
						TestTargetID = 310C96081B2D23EE0021AD7E;
					};
				};
			};
			buildConfigurationList = 310C96041B2D23EE0021AD7E /* Build configuration list for PBXProject "FoodTracker" */;
			compatibilityVersion = "Xcode 3.2";
			developmentRegion = English;
			hasScannedForEncodings = 0;
			knownRegions = (
				en,
				Base,
			);
			mainGroup = 310C96001B2D23EE0021AD7E;
			productRefGroup = 310C960A1B2D23EE0021AD7E /* Products */;
			projectDirPath = "";
			projectRoot = "";
			targets = (
				310C96081B2D23EE0021AD7E /* FoodTracker */,
				310C961C1B2D23EE0021AD7E /* FoodTrackerTests */,
				310C96271B2D23EE0021AD7E /* FoodTrackerUITests */,
			);
		};
/* End PBXProject section */

/* Begin PBXResourcesBuildPhase section */
		310C96071B2D23EE0021AD7E /* Resources */ = {
			isa = PBXResourcesBuildPhase;
			buildActionMask = 2147483647;
			files = (
				310C96171B2D23EE0021AD7E /* LaunchScreen.storyboard in Resources */,
				310C96141B2D23EE0021AD7E /* Assets.xcassets in Resources */,
				310C96121B2D23EE0021AD7E /* Main.storyboard in Resources */,
			);
			runOnlyForDeploymentPostprocessing = 0;
		};
		310C961B1B2D23EE0021AD7E /* Resources */ = {
			isa = PBXResourcesBuildPhase;
			buildActionMask = 2147483647;
			files = (
			);
			runOnlyForDeploymentPostprocessing = 0;
		};
		310C96261B2D23EE0021AD7E /* Resources */ = {
			isa = PBXResourcesBuildPhase;
			buildActionMask = 2147483647;
			files = (
			);
			runOnlyForDeploymentPostprocessing = 0;
		};
/* End PBXResourcesBuildPhase section */

/* Begin PBXSourcesBuildPhase section */
		310C96051B2D23EE0021AD7E /* Sources */ = {
			isa = PBXSourcesBuildPhase;
			buildActionMask = 2147483647;
			files = (
				310C963D1B2D6ECC0021AD7E /* Meal.swift in Sources */,
				310C960F1B2D23EE0021AD7E /* MealViewController.swift in Sources */,
				310C963B1B2D5F4B0021AD7E /* RatingControl.swift in Sources */,
				310C960D1B2D23EE0021AD7E /* AppDelegate.swift in Sources */,
				310C96421B3661D20021AD7E /* MealTableViewController.swift in Sources */,
				310C96401B365AE70021AD7E /* MealTableViewCell.swift in Sources */,
			);
			runOnlyForDeploymentPostprocessing = 0;
		};
		310C96191B2D23EE0021AD7E /* Sources */ = {
			isa = PBXSourcesBuildPhase;
			buildActionMask = 2147483647;
			files = (
				310C963E1B2D6ECC0021AD7E /* Meal.swift in Sources */,
				310C96221B2D23EE0021AD7E /* FoodTrackerTests.swift in Sources */,
			);
			runOnlyForDeploymentPostprocessing = 0;
		};
		310C96241B2D23EE0021AD7E /* Sources */ = {
			isa = PBXSourcesBuildPhase;
			buildActionMask = 2147483647;
			files = (
				310C962D1B2D23EE0021AD7E /* FoodTrackerUITests.swift in Sources */,
			);
			runOnlyForDeploymentPostprocessing = 0;
		};
/* End PBXSourcesBuildPhase section */

/* Begin PBXTargetDependency section */
		310C961F1B2D23EE0021AD7E /* PBXTargetDependency */ = {
			isa = PBXTargetDependency;
			target = 310C96081B2D23EE0021AD7E /* FoodTracker */;
			targetProxy = 310C961E1B2D23EE0021AD7E /* PBXContainerItemProxy */;
		};
		310C962A1B2D23EE0021AD7E /* PBXTargetDependency */ = {
			isa = PBXTargetDependency;
			target = 310C96081B2D23EE0021AD7E /* FoodTracker */;
			targetProxy = 310C96291B2D23EE0021AD7E /* PBXContainerItemProxy */;
		};
/* End PBXTargetDependency section */

/* Begin PBXVariantGroup section */
		310C96101B2D23EE0021AD7E /* Main.storyboard */ = {
			isa = PBXVariantGroup;
			children = (
				310C96111B2D23EE0021AD7E /* Base */,
			);
			name = Main.storyboard;
			sourceTree = "<group>";
		};
		310C96151B2D23EE0021AD7E /* LaunchScreen.storyboard */ = {
			isa = PBXVariantGroup;
			children = (
				310C96161B2D23EE0021AD7E /* Base */,
			);
			name = LaunchScreen.storyboard;
			sourceTree = "<group>";
		};
/* End PBXVariantGroup section */

/* Begin XCBuildConfiguration section */
		310C962F1B2D23EE0021AD7E /* Debug */ = {
			isa = XCBuildConfiguration;
			buildSettings = {
				ALWAYS_SEARCH_USER_PATHS = NO;
				CLANG_CXX_LANGUAGE_STANDARD = "gnu++0x";
				CLANG_CXX_LIBRARY = "libc++";
				CLANG_ENABLE_MODULES = YES;
				CLANG_ENABLE_OBJC_ARC = YES;
				CLANG_WARN_BOOL_CONVERSION = YES;
				CLANG_WARN_CONSTANT_CONVERSION = YES;
				CLANG_WARN_DIRECT_OBJC_ISA_USAGE = YES_ERROR;
				CLANG_WARN_EMPTY_BODY = YES;
				CLANG_WARN_ENUM_CONVERSION = YES;
				CLANG_WARN_INT_CONVERSION = YES;
				CLANG_WARN_OBJC_ROOT_CLASS = YES_ERROR;
				CLANG_WARN_UNREACHABLE_CODE = YES;
				CLANG_WARN__DUPLICATE_METHOD_MATCH = YES;
				"CODE_SIGN_IDENTITY[sdk=iphoneos*]" = "iPhone Developer";
				COPY_PHASE_STRIP = NO;
				DEBUG_INFORMATION_FORMAT = dwarf;
				ENABLE_STRICT_OBJC_MSGSEND = YES;
				ENABLE_TESTABILITY = YES;
				GCC_C_LANGUAGE_STANDARD = gnu99;
				GCC_DYNAMIC_NO_PIC = NO;
				GCC_NO_COMMON_BLOCKS = YES;
				GCC_OPTIMIZATION_LEVEL = 0;
				GCC_PREPROCESSOR_DEFINITIONS = (
					"DEBUG=1",
					"$(inherited)",
				);
				GCC_WARN_64_TO_32_BIT_CONVERSION = YES;
				GCC_WARN_ABOUT_RETURN_TYPE = YES_ERROR;
				GCC_WARN_UNDECLARED_SELECTOR = YES;
				GCC_WARN_UNINITIALIZED_AUTOS = YES_AGGRESSIVE;
				GCC_WARN_UNUSED_FUNCTION = YES;
				GCC_WARN_UNUSED_VARIABLE = YES;
				IPHONEOS_DEPLOYMENT_TARGET = 9.0;
				MTL_ENABLE_DEBUG_INFO = YES;
				ONLY_ACTIVE_ARCH = YES;
				SDKROOT = iphoneos;
				SWIFT_OPTIMIZATION_LEVEL = "-Onone";
				TARGETED_DEVICE_FAMILY = "1,2";
			};
			name = Debug;
		};
		310C96301B2D23EE0021AD7E /* Release */ = {
			isa = XCBuildConfiguration;
			buildSettings = {
				ALWAYS_SEARCH_USER_PATHS = NO;
				CLANG_CXX_LANGUAGE_STANDARD = "gnu++0x";
				CLANG_CXX_LIBRARY = "libc++";
				CLANG_ENABLE_MODULES = YES;
				CLANG_ENABLE_OBJC_ARC = YES;
				CLANG_WARN_BOOL_CONVERSION = YES;
				CLANG_WARN_CONSTANT_CONVERSION = YES;
				CLANG_WARN_DIRECT_OBJC_ISA_USAGE = YES_ERROR;
				CLANG_WARN_EMPTY_BODY = YES;
				CLANG_WARN_ENUM_CONVERSION = YES;
				CLANG_WARN_INT_CONVERSION = YES;
				CLANG_WARN_OBJC_ROOT_CLASS = YES_ERROR;
				CLANG_WARN_UNREACHABLE_CODE = YES;
				CLANG_WARN__DUPLICATE_METHOD_MATCH = YES;
				"CODE_SIGN_IDENTITY[sdk=iphoneos*]" = "iPhone Developer";
				COPY_PHASE_STRIP = NO;
				DEBUG_INFORMATION_FORMAT = "dwarf-with-dsym";
				ENABLE_NS_ASSERTIONS = NO;
				ENABLE_STRICT_OBJC_MSGSEND = YES;
				GCC_C_LANGUAGE_STANDARD = gnu99;
				GCC_NO_COMMON_BLOCKS = YES;
				GCC_WARN_64_TO_32_BIT_CONVERSION = YES;
				GCC_WARN_ABOUT_RETURN_TYPE = YES_ERROR;
				GCC_WARN_UNDECLARED_SELECTOR = YES;
				GCC_WARN_UNINITIALIZED_AUTOS = YES_AGGRESSIVE;
				GCC_WARN_UNUSED_FUNCTION = YES;
				GCC_WARN_UNUSED_VARIABLE = YES;
				IPHONEOS_DEPLOYMENT_TARGET = 9.0;
				MTL_ENABLE_DEBUG_INFO = NO;
				SDKROOT = iphoneos;
				TARGETED_DEVICE_FAMILY = "1,2";
				VALIDATE_PRODUCT = YES;
			};
			name = Release;
		};
		310C96321B2D23EE0021AD7E /* Debug */ = {
			isa = XCBuildConfiguration;
			buildSettings = {
				ASSETCATALOG_COMPILER_APPICON_NAME = AppIcon;
				CODE_SIGN_IDENTITY = "iPhone Developer";
				INFOPLIST_FILE = FoodTracker/Info.plist;
				LD_RUNPATH_SEARCH_PATHS = "$(inherited) @executable_path/Frameworks";
				PRODUCT_BUNDLE_IDENTIFIER = me.learn.ixfan.FoodTracker;
				PRODUCT_NAME = "$(TARGET_NAME)";
			};
			name = Debug;
		};
		310C96331B2D23EE0021AD7E /* Release */ = {
			isa = XCBuildConfiguration;
			buildSettings = {
				ASSETCATALOG_COMPILER_APPICON_NAME = AppIcon;
				CODE_SIGN_IDENTITY = "iPhone Developer";
				INFOPLIST_FILE = FoodTracker/Info.plist;
				LD_RUNPATH_SEARCH_PATHS = "$(inherited) @executable_path/Frameworks";
				PRODUCT_BUNDLE_IDENTIFIER = me.learn.ixfan.FoodTracker;
				PRODUCT_NAME = "$(TARGET_NAME)";
			};
			name = Release;
		};
		310C96351B2D23EE0021AD7E /* Debug */ = {
			isa = XCBuildConfiguration;
			buildSettings = {
				BUNDLE_LOADER = "$(TEST_HOST)";
				INFOPLIST_FILE = FoodTrackerTests/Info.plist;
				LD_RUNPATH_SEARCH_PATHS = "$(inherited) @executable_path/Frameworks @loader_path/Frameworks";
				PRODUCT_BUNDLE_IDENTIFIER = me.learn.ixfan.FoodTrackerTests;
				PRODUCT_NAME = "$(TARGET_NAME)";
				TEST_HOST = "$(BUILT_PRODUCTS_DIR)/FoodTracker.app/FoodTracker";
			};
			name = Debug;
		};
		310C96361B2D23EE0021AD7E /* Release */ = {
			isa = XCBuildConfiguration;
			buildSettings = {
				BUNDLE_LOADER = "$(TEST_HOST)";
				INFOPLIST_FILE = FoodTrackerTests/Info.plist;
				LD_RUNPATH_SEARCH_PATHS = "$(inherited) @executable_path/Frameworks @loader_path/Frameworks";
				PRODUCT_BUNDLE_IDENTIFIER = me.learn.ixfan.FoodTrackerTests;
				PRODUCT_NAME = "$(TARGET_NAME)";
				TEST_HOST = "$(BUILT_PRODUCTS_DIR)/FoodTracker.app/FoodTracker";
			};
			name = Release;
		};
		310C96381B2D23EE0021AD7E /* Debug */ = {
			isa = XCBuildConfiguration;
			buildSettings = {
				INFOPLIST_FILE = FoodTrackerUITests/Info.plist;
				LD_RUNPATH_SEARCH_PATHS = "$(inherited) @executable_path/Frameworks @loader_path/Frameworks";
				PRODUCT_BUNDLE_IDENTIFIER = me.learn.ixfan.FoodTrackerUITests;
				PRODUCT_NAME = "$(TARGET_NAME)";
				TEST_TARGET_NAME = FoodTracker;
				USES_XCTRUNNER = YES;
			};
			name = Debug;
		};
		310C96391B2D23EE0021AD7E /* Release */ = {
			isa = XCBuildConfiguration;
			buildSettings = {
				INFOPLIST_FILE = FoodTrackerUITests/Info.plist;
				LD_RUNPATH_SEARCH_PATHS = "$(inherited) @executable_path/Frameworks @loader_path/Frameworks";
				PRODUCT_BUNDLE_IDENTIFIER = me.learn.ixfan.FoodTrackerUITests;
				PRODUCT_NAME = "$(TARGET_NAME)";
				TEST_TARGET_NAME = FoodTracker;
				USES_XCTRUNNER = YES;
			};
			name = Release;
		};
/* End XCBuildConfiguration section */

/* Begin XCConfigurationList section */
		310C96041B2D23EE0021AD7E /* Build configuration list for PBXProject "FoodTracker" */ = {
			isa = XCConfigurationList;
			buildConfigurations = (
				310C962F1B2D23EE0021AD7E /* Debug */,
				310C96301B2D23EE0021AD7E /* Release */,
			);
			defaultConfigurationIsVisible = 0;
			defaultConfigurationName = Release;
		};
		310C96311B2D23EE0021AD7E /* Build configuration list for PBXNativeTarget "FoodTracker" */ = {
			isa = XCConfigurationList;
			buildConfigurations = (
				310C96321B2D23EE0021AD7E /* Debug */,
				310C96331B2D23EE0021AD7E /* Release */,
			);
			defaultConfigurationIsVisible = 0;
		};
		310C96341B2D23EE0021AD7E /* Build configuration list for PBXNativeTarget "FoodTrackerTests" */ = {
			isa = XCConfigurationList;
			buildConfigurations = (
				310C96351B2D23EE0021AD7E /* Debug */,
				310C96361B2D23EE0021AD7E /* Release */,
			);
			defaultConfigurationIsVisible = 0;
		};
		310C96371B2D23EE0021AD7E /* Build configuration list for PBXNativeTarget "FoodTrackerUITests" */ = {
			isa = XCConfigurationList;
			buildConfigurations = (
				310C96381B2D23EE0021AD7E /* Debug */,
				310C96391B2D23EE0021AD7E /* Release */,
			);
			defaultConfigurationIsVisible = 0;
		};
/* End XCConfigurationList section */
	};
	rootObject = 310C96011B2D23EE0021AD7E /* Project object */;
}
