// !$*UTF8*$!
{
	archiveVersion = 1;
	classes = {
	};
	objectVersion = 46;
	objects = {

/* Begin PBXBuildFile section */
		3161BEC81B610E8100185F44 /* AppDelegate.swift in Sources */ = {isa = PBXBuildFile; fileRef = 3161BEC71B610E8100185F44 /* AppDelegate.swift */; };
		3161BECD1B610E8100185F44 /* Main.storyboard in Resources */ = {isa = PBXBuildFile; fileRef = 3161BECB1B610E8100185F44 /* Main.storyboard */; };
		3161BECF1B610E8100185F44 /* Assets.xcassets in Resources */ = {isa = PBXBuildFile; fileRef = 3161BECE1B610E8100185F44 /* Assets.xcassets */; };
		3161BED21B610E8100185F44 /* LaunchScreen.storyboard in Resources */ = {isa = PBXBuildFile; fileRef = 3161BED01B610E8100185F44 /* LaunchScreen.storyboard */; };
		3161BEDD1B610E8100185F44 /* IceCreamShopTests.swift in Sources */ = {isa = PBXBuildFile; fileRef = 3161BEDC1B610E8100185F44 /* IceCreamShopTests.swift */; };
		3161BEF11B6110E500185F44 /* PickFlavorViewController.swift in Sources */ = {isa = PBXBuildFile; fileRef = 3161BEF01B6110E500185F44 /* PickFlavorViewController.swift */; };
		3161BEF31B61396100185F44 /* IceCreamView.swift in Sources */ = {isa = PBXBuildFile; fileRef = 3161BEF21B61396100185F44 /* IceCreamView.swift */; };
		3161BEF51B61399800185F44 /* ScoopView.swift in Sources */ = {isa = PBXBuildFile; fileRef = 3161BEF41B61399800185F44 /* ScoopView.swift */; };
		3161BEF71B6139CE00185F44 /* ScoopCell.swift in Sources */ = {isa = PBXBuildFile; fileRef = 3161BEF61B6139CE00185F44 /* ScoopCell.swift */; };
		3161BEF91B613AED00185F44 /* RGBAColorFromString.swift in Sources */ = {isa = PBXBuildFile; fileRef = 3161BEF81B613AED00185F44 /* RGBAColorFromString.swift */; };
		3161BEFB1B6140F900185F44 /* Flavor.swift in Sources */ = {isa = PBXBuildFile; fileRef = 3161BEFA1B6140F900185F44 /* Flavor.swift */; };
		3161BEFD1B634DC100185F44 /* FlavorFactory.swift in Sources */ = {isa = PBXBuildFile; fileRef = 3161BEFC1B634DC100185F44 /* FlavorFactory.swift */; };
		3161BEFF1B6E0AF600185F44 /* PickFlavorDataSource.swift in Sources */ = {isa = PBXBuildFile; fileRef = 3161BEFE1B6E0AF600185F44 /* PickFlavorDataSource.swift */; };
		364B12CFD76825AC425710F0 /* Pods_IceCreamShop.framework in Frameworks */ = {isa = PBXBuildFile; fileRef = 50D493AAAE7B24669CB59931 /* Pods_IceCreamShop.framework */; settings = {ATTRIBUTES = (Weak, ); }; };
/* End PBXBuildFile section */

/* Begin PBXContainerItemProxy section */
		3161BED91B610E8100185F44 /* PBXContainerItemProxy */ = {
			isa = PBXContainerItemProxy;
			containerPortal = 3161BEBC1B610E8100185F44 /* Project object */;
			proxyType = 1;
			remoteGlobalIDString = 3161BEC31B610E8100185F44;
			remoteInfo = IceCreamShop;
		};
/* End PBXContainerItemProxy section */

/* Begin PBXFileReference section */
		3161BEC41B610E8100185F44 /* IceCreamShop.app */ = {isa = PBXFileReference; explicitFileType = wrapper.application; includeInIndex = 0; path = IceCreamShop.app; sourceTree = BUILT_PRODUCTS_DIR; };
		3161BEC71B610E8100185F44 /* AppDelegate.swift */ = {isa = PBXFileReference; lastKnownFileType = sourcecode.swift; name = AppDelegate.swift; path = IceCreamShop/AppDelegate.swift; sourceTree = "<group>"; };
		3161BECC1B610E8100185F44 /* Base */ = {isa = PBXFileReference; lastKnownFileType = file.storyboard; name = Base; path = Base.lproj/Main.storyboard; sourceTree = "<group>"; };
		3161BECE1B610E8100185F44 /* Assets.xcassets */ = {isa = PBXFileReference; lastKnownFileType = folder.assetcatalog; name = Assets.xcassets; path = IceCreamShop/Assets.xcassets; sourceTree = "<group>"; };
		3161BED11B610E8100185F44 /* Base */ = {isa = PBXFileReference; lastKnownFileType = file.storyboard; name = Base; path = Base.lproj/LaunchScreen.storyboard; sourceTree = "<group>"; };
		3161BED31B610E8100185F44 /* Info.plist */ = {isa = PBXFileReference; lastKnownFileType = text.plist.xml; path = Info.plist; sourceTree = "<group>"; };
		3161BED81B610E8100185F44 /* IceCreamShopTests.xctest */ = {isa = PBXFileReference; explicitFileType = wrapper.cfbundle; includeInIndex = 0; path = IceCreamShopTests.xctest; sourceTree = BUILT_PRODUCTS_DIR; };
		3161BEDC1B610E8100185F44 /* IceCreamShopTests.swift */ = {isa = PBXFileReference; lastKnownFileType = sourcecode.swift; path = IceCreamShopTests.swift; sourceTree = "<group>"; };
		3161BEDE1B610E8100185F44 /* Info.plist */ = {isa = PBXFileReference; lastKnownFileType = text.plist.xml; path = Info.plist; sourceTree = "<group>"; };
		3161BEF01B6110E500185F44 /* PickFlavorViewController.swift */ = {isa = PBXFileReference; fileEncoding = 4; lastKnownFileType = sourcecode.swift; name = PickFlavorViewController.swift; path = IceCreamShop/PickFlavorViewController.swift; sourceTree = "<group>"; };
		3161BEF21B61396100185F44 /* IceCreamView.swift */ = {isa = PBXFileReference; fileEncoding = 4; lastKnownFileType = sourcecode.swift; path = IceCreamView.swift; sourceTree = "<group>"; };
		3161BEF41B61399800185F44 /* ScoopView.swift */ = {isa = PBXFileReference; fileEncoding = 4; lastKnownFileType = sourcecode.swift; path = ScoopView.swift; sourceTree = "<group>"; };
		3161BEF61B6139CE00185F44 /* ScoopCell.swift */ = {isa = PBXFileReference; fileEncoding = 4; lastKnownFileType = sourcecode.swift; path = ScoopCell.swift; sourceTree = "<group>"; };
		3161BEF81B613AED00185F44 /* RGBAColorFromString.swift */ = {isa = PBXFileReference; fileEncoding = 4; lastKnownFileType = sourcecode.swift; path = RGBAColorFromString.swift; sourceTree = "<group>"; };
		3161BEFA1B6140F900185F44 /* Flavor.swift */ = {isa = PBXFileReference; fileEncoding = 4; lastKnownFileType = sourcecode.swift; path = Flavor.swift; sourceTree = "<group>"; };
		3161BEFC1B634DC100185F44 /* FlavorFactory.swift */ = {isa = PBXFileReference; fileEncoding = 4; lastKnownFileType = sourcecode.swift; path = FlavorFactory.swift; sourceTree = "<group>"; };
		3161BEFE1B6E0AF600185F44 /* PickFlavorDataSource.swift */ = {isa = PBXFileReference; fileEncoding = 4; lastKnownFileType = sourcecode.swift; path = PickFlavorDataSource.swift; sourceTree = "<group>"; };
		50D493AAAE7B24669CB59931 /* Pods_IceCreamShop.framework */ = {isa = PBXFileReference; explicitFileType = wrapper.framework; includeInIndex = 0; path = Pods_IceCreamShop.framework; sourceTree = BUILT_PRODUCTS_DIR; };
		DEF321498AA6EEB4E3DE72E7 /* Pods-IceCreamShop.release.xcconfig */ = {isa = PBXFileReference; includeInIndex = 1; lastKnownFileType = text.xcconfig; name = "Pods-IceCreamShop.release.xcconfig"; path = "Pods/Target Support Files/Pods-IceCreamShop/Pods-IceCreamShop.release.xcconfig"; sourceTree = "<group>"; };
		FB6C87158C0A62F57540A8B9 /* Pods-IceCreamShop.debug.xcconfig */ = {isa = PBXFileReference; includeInIndex = 1; lastKnownFileType = text.xcconfig; name = "Pods-IceCreamShop.debug.xcconfig"; path = "Pods/Target Support Files/Pods-IceCreamShop/Pods-IceCreamShop.debug.xcconfig"; sourceTree = "<group>"; };
/* End PBXFileReference section */

/* Begin PBXFrameworksBuildPhase section */
		3161BEC11B610E8100185F44 /* Frameworks */ = {
			isa = PBXFrameworksBuildPhase;
			buildActionMask = 2147483647;
			files = (
				364B12CFD76825AC425710F0 /* Pods_IceCreamShop.framework in Frameworks */,
			);
			runOnlyForDeploymentPostprocessing = 0;
		};
		3161BED51B610E8100185F44 /* Frameworks */ = {
			isa = PBXFrameworksBuildPhase;
			buildActionMask = 2147483647;
			files = (
			);
			runOnlyForDeploymentPostprocessing = 0;
		};
/* End PBXFrameworksBuildPhase section */

/* Begin PBXGroup section */
		2A45440ED74FACD076E256A2 /* Frameworks */ = {
			isa = PBXGroup;
			children = (
				50D493AAAE7B24669CB59931 /* Pods_IceCreamShop.framework */,
			);
			name = Frameworks;
			sourceTree = "<group>";
		};
		3161BEBB1B610E8100185F44 = {
			isa = PBXGroup;
			children = (
				3161BEC61B610E8100185F44 /* IceCreamShop */,
				3161BEDB1B610E8100185F44 /* IceCreamShopTests */,
				3161BEC51B610E8100185F44 /* Products */,
				AAD6C650931FB076F98BBDC1 /* Pods */,
				2A45440ED74FACD076E256A2 /* Frameworks */,
			);
			sourceTree = "<group>";
		};
		3161BEC51B610E8100185F44 /* Products */ = {
			isa = PBXGroup;
			children = (
				3161BEC41B610E8100185F44 /* IceCreamShop.app */,
				3161BED81B610E8100185F44 /* IceCreamShopTests.xctest */,
			);
			name = Products;
			sourceTree = "<group>";
		};
		3161BEC61B610E8100185F44 /* IceCreamShop */ = {
			isa = PBXGroup;
			children = (
				3161BEEC1B610F2000185F44 /* Views */,
				3161BEEB1B610EF700185F44 /* Resources */,
				3161BEEA1B610EE100185F44 /* Models */,
				3161BEE91B610ED800185F44 /* Factories */,
				3161BEE81B610EC600185F44 /* Controllers */,
				3161BEE71B610EB200185F44 /* Categories */,
				3161BEEF1B61102200185F44 /* Supporting Files */,
			);
			path = IceCreamShop;
			sourceTree = "<group>";
		};
		3161BEDB1B610E8100185F44 /* IceCreamShopTests */ = {
			isa = PBXGroup;
			children = (
				3161BEDC1B610E8100185F44 /* IceCreamShopTests.swift */,
				3161BEDE1B610E8100185F44 /* Info.plist */,
			);
			path = IceCreamShopTests;
			sourceTree = "<group>";
		};
		3161BEE71B610EB200185F44 /* Categories */ = {
			isa = PBXGroup;
			children = (
				3161BEF81B613AED00185F44 /* RGBAColorFromString.swift */,
			);
			name = Categories;
			path = ..;
			sourceTree = "<group>";
		};
		3161BEE81B610EC600185F44 /* Controllers */ = {
			isa = PBXGroup;
			children = (
				3161BEFE1B6E0AF600185F44 /* PickFlavorDataSource.swift */,
				3161BEF01B6110E500185F44 /* PickFlavorViewController.swift */,
				3161BEC71B610E8100185F44 /* AppDelegate.swift */,
			);
			name = Controllers;
			path = ..;
			sourceTree = "<group>";
		};
		3161BEE91B610ED800185F44 /* Factories */ = {
			isa = PBXGroup;
			children = (
				3161BEFC1B634DC100185F44 /* FlavorFactory.swift */,
			);
			name = Factories;
			path = ..;
			sourceTree = "<group>";
		};
		3161BEEA1B610EE100185F44 /* Models */ = {
			isa = PBXGroup;
			children = (
				3161BEFA1B6140F900185F44 /* Flavor.swift */,
			);
			name = Models;
			path = ..;
			sourceTree = "<group>";
		};
		3161BEEB1B610EF700185F44 /* Resources */ = {
			isa = PBXGroup;
			children = (
				3161BECE1B610E8100185F44 /* Assets.xcassets */,
			);
			name = Resources;
			path = ..;
			sourceTree = "<group>";
		};
		3161BEEC1B610F2000185F44 /* Views */ = {
			isa = PBXGroup;
			children = (
				3161BEEE1B610F7D00185F44 /* Storyboards & Nibs */,
				3161BEED1B610F6D00185F44 /* Ice Cream */,
			);
			name = Views;
			path = ..;
			sourceTree = "<group>";
		};
		3161BEED1B610F6D00185F44 /* Ice Cream */ = {
			isa = PBXGroup;
			children = (
				3161BEF21B61396100185F44 /* IceCreamView.swift */,
				3161BEF41B61399800185F44 /* ScoopView.swift */,
				3161BEF61B6139CE00185F44 /* ScoopCell.swift */,
			);
			name = "Ice Cream";
			sourceTree = "<group>";
		};
		3161BEEE1B610F7D00185F44 /* Storyboards & Nibs */ = {
			isa = PBXGroup;
			children = (
				3161BECB1B610E8100185F44 /* Main.storyboard */,
				3161BED01B610E8100185F44 /* LaunchScreen.storyboard */,
			);
			name = "Storyboards & Nibs";
			sourceTree = "<group>";
		};
		3161BEEF1B61102200185F44 /* Supporting Files */ = {
			isa = PBXGroup;
			children = (
				3161BED31B610E8100185F44 /* Info.plist */,
			);
			name = "Supporting Files";
			sourceTree = "<group>";
		};
		AAD6C650931FB076F98BBDC1 /* Pods */ = {
			isa = PBXGroup;
			children = (
				FB6C87158C0A62F57540A8B9 /* Pods-IceCreamShop.debug.xcconfig */,
				DEF321498AA6EEB4E3DE72E7 /* Pods-IceCreamShop.release.xcconfig */,
			);
			name = Pods;
			sourceTree = "<group>";
		};
/* End PBXGroup section */

/* Begin PBXNativeTarget section */
		3161BEC31B610E8100185F44 /* IceCreamShop */ = {
			isa = PBXNativeTarget;
			buildConfigurationList = 3161BEE11B610E8100185F44 /* Build configuration list for PBXNativeTarget "IceCreamShop" */;
			buildPhases = (
				5A6C8AC3F544555A293CE9F5 /* Check Pods Manifest.lock */,
				3161BEC01B610E8100185F44 /* Sources */,
				3161BEC11B610E8100185F44 /* Frameworks */,
				3161BEC21B610E8100185F44 /* Resources */,
				065265533EEC792C217AACFC /* Embed Pods Frameworks */,
				735FC4309DF99C0F2DDF03D8 /* Copy Pods Resources */,
			);
			buildRules = (
			);
			dependencies = (
			);
			name = IceCreamShop;
			productName = IceCreamShop;
			productReference = 3161BEC41B610E8100185F44 /* IceCreamShop.app */;
			productType = "com.apple.product-type.application";
		};
		3161BED71B610E8100185F44 /* IceCreamShopTests */ = {
			isa = PBXNativeTarget;
			buildConfigurationList = 3161BEE41B610E8100185F44 /* Build configuration list for PBXNativeTarget "IceCreamShopTests" */;
			buildPhases = (
				3161BED41B610E8100185F44 /* Sources */,
				3161BED51B610E8100185F44 /* Frameworks */,
				3161BED61B610E8100185F44 /* Resources */,
			);
			buildRules = (
			);
			dependencies = (
				3161BEDA1B610E8100185F44 /* PBXTargetDependency */,
			);
			name = IceCreamShopTests;
			productName = IceCreamShopTests;
			productReference = 3161BED81B610E8100185F44 /* IceCreamShopTests.xctest */;
			productType = "com.apple.product-type.bundle.unit-test";
		};
/* End PBXNativeTarget section */

/* Begin PBXProject section */
		3161BEBC1B610E8100185F44 /* Project object */ = {
			isa = PBXProject;
			attributes = {
				LastUpgradeCheck = 0700;
				ORGANIZATIONNAME = ixfan;
				TargetAttributes = {
					3161BEC31B610E8100185F44 = {
						CreatedOnToolsVersion = 7.0;
					};
					3161BED71B610E8100185F44 = {
						CreatedOnToolsVersion = 7.0;
						TestTargetID = 3161BEC31B610E8100185F44;
					};
				};
			};
			buildConfigurationList = 3161BEBF1B610E8100185F44 /* Build configuration list for PBXProject "IceCreamShop" */;
			compatibilityVersion = "Xcode 3.2";
			developmentRegion = English;
			hasScannedForEncodings = 0;
			knownRegions = (
				en,
				Base,
			);
			mainGroup = 3161BEBB1B610E8100185F44;
			productRefGroup = 3161BEC51B610E8100185F44 /* Products */;
			projectDirPath = "";
			projectRoot = "";
			targets = (
				3161BEC31B610E8100185F44 /* IceCreamShop */,
				3161BED71B610E8100185F44 /* IceCreamShopTests */,
			);
		};
/* End PBXProject section */

/* Begin PBXResourcesBuildPhase section */
		3161BEC21B610E8100185F44 /* Resources */ = {
			isa = PBXResourcesBuildPhase;
			buildActionMask = 2147483647;
			files = (
				3161BED21B610E8100185F44 /* LaunchScreen.storyboard in Resources */,
				3161BECF1B610E8100185F44 /* Assets.xcassets in Resources */,
				3161BECD1B610E8100185F44 /* Main.storyboard in Resources */,
			);
			runOnlyForDeploymentPostprocessing = 0;
		};
		3161BED61B610E8100185F44 /* Resources */ = {
			isa = PBXResourcesBuildPhase;
			buildActionMask = 2147483647;
			files = (
			);
			runOnlyForDeploymentPostprocessing = 0;
		};
/* End PBXResourcesBuildPhase section */

/* Begin PBXShellScriptBuildPhase section */
		065265533EEC792C217AACFC /* Embed Pods Frameworks */ = {
			isa = PBXShellScriptBuildPhase;
			buildActionMask = 2147483647;
			files = (
			);
			inputPaths = (
			);
			name = "Embed Pods Frameworks";
			outputPaths = (
			);
			runOnlyForDeploymentPostprocessing = 0;
			shellPath = /bin/sh;
			shellScript = "\"${SRCROOT}/Pods/Target Support Files/Pods-IceCreamShop/Pods-IceCreamShop-frameworks.sh\"\n";
			showEnvVarsInLog = 0;
		};
		5A6C8AC3F544555A293CE9F5 /* Check Pods Manifest.lock */ = {
			isa = PBXShellScriptBuildPhase;
			buildActionMask = 2147483647;
			files = (
			);
			inputPaths = (
			);
			name = "Check Pods Manifest.lock";
			outputPaths = (
			);
			runOnlyForDeploymentPostprocessing = 0;
			shellPath = /bin/sh;
			shellScript = "diff \"${PODS_ROOT}/../Podfile.lock\" \"${PODS_ROOT}/Manifest.lock\" > /dev/null\nif [[ $? != 0 ]] ; then\n    cat << EOM\nerror: The sandbox is not in sync with the Podfile.lock. Run 'pod install' or update your CocoaPods installation.\nEOM\n    exit 1\nfi\n";
			showEnvVarsInLog = 0;
		};
		735FC4309DF99C0F2DDF03D8 /* Copy Pods Resources */ = {
			isa = PBXShellScriptBuildPhase;
			buildActionMask = 2147483647;
			files = (
			);
			inputPaths = (
			);
			name = "Copy Pods Resources";
			outputPaths = (
			);
			runOnlyForDeploymentPostprocessing = 0;
			shellPath = /bin/sh;
			shellScript = "\"${SRCROOT}/Pods/Target Support Files/Pods-IceCreamShop/Pods-IceCreamShop-resources.sh\"\n";
			showEnvVarsInLog = 0;
		};
/* End PBXShellScriptBuildPhase section */

/* Begin PBXSourcesBuildPhase section */
		3161BEC01B610E8100185F44 /* Sources */ = {
			isa = PBXSourcesBuildPhase;
			buildActionMask = 2147483647;
			files = (
				3161BEFD1B634DC100185F44 /* FlavorFactory.swift in Sources */,
				3161BEF91B613AED00185F44 /* RGBAColorFromString.swift in Sources */,
				3161BEF71B6139CE00185F44 /* ScoopCell.swift in Sources */,
				3161BEF51B61399800185F44 /* ScoopView.swift in Sources */,
				3161BEF31B61396100185F44 /* IceCreamView.swift in Sources */,
				3161BEFB1B6140F900185F44 /* Flavor.swift in Sources */,
				3161BEC81B610E8100185F44 /* AppDelegate.swift in Sources */,
				3161BEFF1B6E0AF600185F44 /* PickFlavorDataSource.swift in Sources */,
				3161BEF11B6110E500185F44 /* PickFlavorViewController.swift in Sources */,
			);
			runOnlyForDeploymentPostprocessing = 0;
		};
		3161BED41B610E8100185F44 /* Sources */ = {
			isa = PBXSourcesBuildPhase;
			buildActionMask = 2147483647;
			files = (
				3161BEDD1B610E8100185F44 /* IceCreamShopTests.swift in Sources */,
			);
			runOnlyForDeploymentPostprocessing = 0;
		};
/* End PBXSourcesBuildPhase section */

/* Begin PBXTargetDependency section */
		3161BEDA1B610E8100185F44 /* PBXTargetDependency */ = {
			isa = PBXTargetDependency;
			target = 3161BEC31B610E8100185F44 /* IceCreamShop */;
			targetProxy = 3161BED91B610E8100185F44 /* PBXContainerItemProxy */;
		};
/* End PBXTargetDependency section */

/* Begin PBXVariantGroup section */
		3161BECB1B610E8100185F44 /* Main.storyboard */ = {
			isa = PBXVariantGroup;
			children = (
				3161BECC1B610E8100185F44 /* Base */,
			);
			name = Main.storyboard;
			path = IceCreamShop;
			sourceTree = "<group>";
		};
		3161BED01B610E8100185F44 /* LaunchScreen.storyboard */ = {
			isa = PBXVariantGroup;
			children = (
				3161BED11B610E8100185F44 /* Base */,
			);
			name = LaunchScreen.storyboard;
			path = IceCreamShop;
			sourceTree = "<group>";
		};
/* End PBXVariantGroup section */

/* Begin XCBuildConfiguration section */
		3161BEDF1B610E8100185F44 /* Debug */ = {
			isa = XCBuildConfiguration;
			buildSettings = {
				ALWAYS_SEARCH_USER_PATHS = NO;
				CLANG_CXX_LANGUAGE_STANDARD = "gnu++0x";
				CLANG_CXX_LIBRARY = "libc++";
				CLANG_ENABLE_MODULES = YES;
				CLANG_ENABLE_OBJC_ARC = YES;
				CLANG_WARN_BOOL_CONVERSION = YES;
				CLANG_WARN_CONSTANT_CONVERSION = YES;
				CLANG_WARN_DIRECT_OBJC_ISA_USAGE = YES_ERROR;
				CLANG_WARN_EMPTY_BODY = YES;
				CLANG_WARN_ENUM_CONVERSION = YES;
				CLANG_WARN_INT_CONVERSION = YES;
				CLANG_WARN_OBJC_ROOT_CLASS = YES_ERROR;
				CLANG_WARN_UNREACHABLE_CODE = YES;
				CLANG_WARN__DUPLICATE_METHOD_MATCH = YES;
				"CODE_SIGN_IDENTITY[sdk=iphoneos*]" = "iPhone Developer";
				COPY_PHASE_STRIP = NO;
				DEBUG_INFORMATION_FORMAT = dwarf;
				ENABLE_STRICT_OBJC_MSGSEND = YES;
				ENABLE_TESTABILITY = YES;
				GCC_C_LANGUAGE_STANDARD = gnu99;
				GCC_DYNAMIC_NO_PIC = NO;
				GCC_NO_COMMON_BLOCKS = YES;
				GCC_OPTIMIZATION_LEVEL = 0;
				GCC_PREPROCESSOR_DEFINITIONS = (
					"DEBUG=1",
					"$(inherited)",
				);
				GCC_WARN_64_TO_32_BIT_CONVERSION = YES;
				GCC_WARN_ABOUT_RETURN_TYPE = YES_ERROR;
				GCC_WARN_UNDECLARED_SELECTOR = YES;
				GCC_WARN_UNINITIALIZED_AUTOS = YES_AGGRESSIVE;
				GCC_WARN_UNUSED_FUNCTION = YES;
				GCC_WARN_UNUSED_VARIABLE = YES;
				IPHONEOS_DEPLOYMENT_TARGET = 9.0;
				MTL_ENABLE_DEBUG_INFO = YES;
				ONLY_ACTIVE_ARCH = YES;
				SDKROOT = iphoneos;
				SWIFT_OPTIMIZATION_LEVEL = "-Onone";
			};
			name = Debug;
		};
		3161BEE01B610E8100185F44 /* Release */ = {
			isa = XCBuildConfiguration;
			buildSettings = {
				ALWAYS_SEARCH_USER_PATHS = NO;
				CLANG_CXX_LANGUAGE_STANDARD = "gnu++0x";
				CLANG_CXX_LIBRARY = "libc++";
				CLANG_ENABLE_MODULES = YES;
				CLANG_ENABLE_OBJC_ARC = YES;
				CLANG_WARN_BOOL_CONVERSION = YES;
				CLANG_WARN_CONSTANT_CONVERSION = YES;
				CLANG_WARN_DIRECT_OBJC_ISA_USAGE = YES_ERROR;
				CLANG_WARN_EMPTY_BODY = YES;
				CLANG_WARN_ENUM_CONVERSION = YES;
				CLANG_WARN_INT_CONVERSION = YES;
				CLANG_WARN_OBJC_ROOT_CLASS = YES_ERROR;
				CLANG_WARN_UNREACHABLE_CODE = YES;
				CLANG_WARN__DUPLICATE_METHOD_MATCH = YES;
				"CODE_SIGN_IDENTITY[sdk=iphoneos*]" = "iPhone Developer";
				COPY_PHASE_STRIP = NO;
				DEBUG_INFORMATION_FORMAT = "dwarf-with-dsym";
				ENABLE_NS_ASSERTIONS = NO;
				ENABLE_STRICT_OBJC_MSGSEND = YES;
				GCC_C_LANGUAGE_STANDARD = gnu99;
				GCC_NO_COMMON_BLOCKS = YES;
				GCC_WARN_64_TO_32_BIT_CONVERSION = YES;
				GCC_WARN_ABOUT_RETURN_TYPE = YES_ERROR;
				GCC_WARN_UNDECLARED_SELECTOR = YES;
				GCC_WARN_UNINITIALIZED_AUTOS = YES_AGGRESSIVE;
				GCC_WARN_UNUSED_FUNCTION = YES;
				GCC_WARN_UNUSED_VARIABLE = YES;
				IPHONEOS_DEPLOYMENT_TARGET = 9.0;
				MTL_ENABLE_DEBUG_INFO = NO;
				SDKROOT = iphoneos;
				VALIDATE_PRODUCT = YES;
			};
			name = Release;
		};
		3161BEE21B610E8100185F44 /* Debug */ = {
			isa = XCBuildConfiguration;
			baseConfigurationReference = FB6C87158C0A62F57540A8B9 /* Pods-IceCreamShop.debug.xcconfig */;
			buildSettings = {
				ASSETCATALOG_COMPILER_APPICON_NAME = AppIcon;
				INFOPLIST_FILE = IceCreamShop/Info.plist;
				LD_RUNPATH_SEARCH_PATHS = "$(inherited) @executable_path/Frameworks";
				PRODUCT_BUNDLE_IDENTIFIER = me.ixfan.IceCreamShop;
				PRODUCT_NAME = "$(TARGET_NAME)";
			};
			name = Debug;
		};
		3161BEE31B610E8100185F44 /* Release */ = {
			isa = XCBuildConfiguration;
			baseConfigurationReference = DEF321498AA6EEB4E3DE72E7 /* Pods-IceCreamShop.release.xcconfig */;
			buildSettings = {
				ASSETCATALOG_COMPILER_APPICON_NAME = AppIcon;
				INFOPLIST_FILE = IceCreamShop/Info.plist;
				LD_RUNPATH_SEARCH_PATHS = "$(inherited) @executable_path/Frameworks";
				PRODUCT_BUNDLE_IDENTIFIER = me.ixfan.IceCreamShop;
				PRODUCT_NAME = "$(TARGET_NAME)";
			};
			name = Release;
		};
		3161BEE51B610E8100185F44 /* Debug */ = {
			isa = XCBuildConfiguration;
			buildSettings = {
				BUNDLE_LOADER = "$(TEST_HOST)";
				INFOPLIST_FILE = IceCreamShopTests/Info.plist;
				LD_RUNPATH_SEARCH_PATHS = "$(inherited) @executable_path/Frameworks @loader_path/Frameworks";
				PRODUCT_BUNDLE_IDENTIFIER = me.ixfan.IceCreamShopTests;
				PRODUCT_NAME = "$(TARGET_NAME)";
				TEST_HOST = "$(BUILT_PRODUCTS_DIR)/IceCreamShop.app/IceCreamShop";
			};
			name = Debug;
		};
		3161BEE61B610E8100185F44 /* Release */ = {
			isa = XCBuildConfiguration;
			buildSettings = {
				BUNDLE_LOADER = "$(TEST_HOST)";
				INFOPLIST_FILE = IceCreamShopTests/Info.plist;
				LD_RUNPATH_SEARCH_PATHS = "$(inherited) @executable_path/Frameworks @loader_path/Frameworks";
				PRODUCT_BUNDLE_IDENTIFIER = me.ixfan.IceCreamShopTests;
				PRODUCT_NAME = "$(TARGET_NAME)";
				TEST_HOST = "$(BUILT_PRODUCTS_DIR)/IceCreamShop.app/IceCreamShop";
			};
			name = Release;
		};
/* End XCBuildConfiguration section */

/* Begin XCConfigurationList section */
		3161BEBF1B610E8100185F44 /* Build configuration list for PBXProject "IceCreamShop" */ = {
			isa = XCConfigurationList;
			buildConfigurations = (
				3161BEDF1B610E8100185F44 /* Debug */,
				3161BEE01B610E8100185F44 /* Release */,
			);
			defaultConfigurationIsVisible = 0;
			defaultConfigurationName = Release;
		};
		3161BEE11B610E8100185F44 /* Build configuration list for PBXNativeTarget "IceCreamShop" */ = {
			isa = XCConfigurationList;
			buildConfigurations = (
				3161BEE21B610E8100185F44 /* Debug */,
				3161BEE31B610E8100185F44 /* Release */,
			);
			defaultConfigurationIsVisible = 0;
			defaultConfigurationName = Release;
		};
		3161BEE41B610E8100185F44 /* Build configuration list for PBXNativeTarget "IceCreamShopTests" */ = {
			isa = XCConfigurationList;
			buildConfigurations = (
				3161BEE51B610E8100185F44 /* Debug */,
				3161BEE61B610E8100185F44 /* Release */,
			);
			defaultConfigurationIsVisible = 0;
			defaultConfigurationName = Release;
		};
/* End XCConfigurationList section */
	};
	rootObject = 3161BEBC1B610E8100185F44 /* Project object */;
}
